
Microsoft Visual Studio Solution File, Format Version 12.00
# Visual Studio 2012
Project("{159641D6-6404-4A2A-AE62-294DE0FE8301}") = "KSOSN-Daily", "KSOSN_test\KSOSN-Daily.dtproj", "{284EED0B-FB58-4A72-BE36-A94679D3B40A}"
EndProject
Global
	GlobalSection(SolutionConfigurationPlatforms) = preSolution
		Development|Default = Development|Default
	EndGlobalSection
	GlobalSection(ProjectConfigurationPlatforms) = postSolution
		{284EED0B-FB58-4A72-BE36-A94679D3B40A}.Development|Default.ActiveCfg = Development
		{284EED0B-FB58-4A72-BE36-A94679D3B40A}.Development|Default.Build.0 = Development
	EndGlobalSection
	GlobalSection(SolutionProperties) = preSolution
		HideSolutionNode = FALSE
	EndGlobalSection
EndGlobal
